
Microsoft Visual Studio Solution File, Format Version 12.00
# Visual Studio 15
VisualStudioVersion = 15.0.28010.2026
MinimumVisualStudioVersion = 10.0.40219.1
Project("{FAE04EC0-301F-11D3-BF4B-00C04F79EFBC}") = "16 - Angular2 ngFor Directive", "16 - Angular2 ngFor Directive\16 - Angular2 ngFor Directive.csproj", "{BC8220F7-2FCA-4ADA-BC52-29F02F1F2856}"
EndProject
Global
	GlobalSection(SolutionConfigurationPlatforms) = preSolution
		Debug|Any CPU = Debug|Any CPU
		Release|Any CPU = Release|Any CPU
	EndGlobalSection
	GlobalSection(ProjectConfigurationPlatforms) = postSolution
		{BC8220F7-2FCA-4ADA-BC52-29F02F1F2856}.Debug|Any CPU.ActiveCfg = Debug|Any CPU
		{BC8220F7-2FCA-4ADA-BC52-29F02F1F2856}.Debug|Any CPU.Build.0 = Debug|Any CPU
		{BC8220F7-2FCA-4ADA-BC52-29F02F1F2856}.Release|Any CPU.ActiveCfg = Release|Any CPU
		{BC8220F7-2FCA-4ADA-BC52-29F02F1F2856}.Release|Any CPU.Build.0 = Release|Any CPU
	EndGlobalSection
	GlobalSection(SolutionProperties) = preSolution
		HideSolutionNode = FALSE
	EndGlobalSection
	GlobalSection(ExtensibilityGlobals) = postSolution
		SolutionGuid = {ADF79493-698F-4A39-80BB-CA8D572ED7A2}
	EndGlobalSection
EndGlobal
