
Microsoft Visual Studio Solution File, Format Version 12.00
# Visual Studio 15
VisualStudioVersion = 15.0.28307.136
MinimumVisualStudioVersion = 10.0.40219.1
Project("{FAE04EC0-301F-11D3-BF4B-00C04F79EFBC}") = "28 - Error Handling In Angular2", "28 - Error Handling In Angular2\28 - Error Handling In Angular2.csproj", "{D50E44D8-94CE-4CC4-A5AF-31AFA1E5FFBB}"
EndProject
Project("{FAE04EC0-301F-11D3-BF4B-00C04F79EFBC}") = "EmployeeWebService", "EmployeeWebService\EmployeeWebService.csproj", "{A0DF5FEB-5EF0-4826-9AE0-68D042FDB445}"
EndProject
Global
	GlobalSection(SolutionConfigurationPlatforms) = preSolution
		Debug|Any CPU = Debug|Any CPU
		Release|Any CPU = Release|Any CPU
	EndGlobalSection
	GlobalSection(ProjectConfigurationPlatforms) = postSolution
		{D50E44D8-94CE-4CC4-A5AF-31AFA1E5FFBB}.Debug|Any CPU.ActiveCfg = Debug|Any CPU
		{D50E44D8-94CE-4CC4-A5AF-31AFA1E5FFBB}.Debug|Any CPU.Build.0 = Debug|Any CPU
		{D50E44D8-94CE-4CC4-A5AF-31AFA1E5FFBB}.Release|Any CPU.ActiveCfg = Release|Any CPU
		{D50E44D8-94CE-4CC4-A5AF-31AFA1E5FFBB}.Release|Any CPU.Build.0 = Release|Any CPU
		{A0DF5FEB-5EF0-4826-9AE0-68D042FDB445}.Debug|Any CPU.ActiveCfg = Debug|Any CPU
		{A0DF5FEB-5EF0-4826-9AE0-68D042FDB445}.Debug|Any CPU.Build.0 = Debug|Any CPU
		{A0DF5FEB-5EF0-4826-9AE0-68D042FDB445}.Release|Any CPU.ActiveCfg = Release|Any CPU
		{A0DF5FEB-5EF0-4826-9AE0-68D042FDB445}.Release|Any CPU.Build.0 = Release|Any CPU
	EndGlobalSection
	GlobalSection(SolutionProperties) = preSolution
		HideSolutionNode = FALSE
	EndGlobalSection
	GlobalSection(ExtensibilityGlobals) = postSolution
		SolutionGuid = {ECD6D44F-D038-4D2F-8AF7-DB8027EEB6E4}
	EndGlobalSection
EndGlobal
