
Microsoft Visual Studio Solution File, Format Version 12.00
# Visual Studio 15
VisualStudioVersion = 15.0.28307.136
MinimumVisualStudioVersion = 10.0.40219.1
Project("{FAE04EC0-301F-11D3-BF4B-00C04F79EFBC}") = "29 - Installing Bootstrap In AngularJS2", "29 - Installing Bootstrap In AngularJS2\29 - Installing Bootstrap In AngularJS2.csproj", "{F3770EBE-A395-47B1-A10C-03209F33C60E}"
EndProject
Project("{FAE04EC0-301F-11D3-BF4B-00C04F79EFBC}") = "EmployeeWebService", "EmployeeWebService\EmployeeWebService.csproj", "{A0DF5FEB-5EF0-4826-9AE0-68D042FDB445}"
EndProject
Global
	GlobalSection(SolutionConfigurationPlatforms) = preSolution
		Debug|Any CPU = Debug|Any CPU
		Release|Any CPU = Release|Any CPU
	EndGlobalSection
	GlobalSection(ProjectConfigurationPlatforms) = postSolution
		{F3770EBE-A395-47B1-A10C-03209F33C60E}.Debug|Any CPU.ActiveCfg = Debug|Any CPU
		{F3770EBE-A395-47B1-A10C-03209F33C60E}.Debug|Any CPU.Build.0 = Debug|Any CPU
		{F3770EBE-A395-47B1-A10C-03209F33C60E}.Release|Any CPU.ActiveCfg = Release|Any CPU
		{F3770EBE-A395-47B1-A10C-03209F33C60E}.Release|Any CPU.Build.0 = Release|Any CPU
		{A0DF5FEB-5EF0-4826-9AE0-68D042FDB445}.Debug|Any CPU.ActiveCfg = Debug|Any CPU
		{A0DF5FEB-5EF0-4826-9AE0-68D042FDB445}.Debug|Any CPU.Build.0 = Debug|Any CPU
		{A0DF5FEB-5EF0-4826-9AE0-68D042FDB445}.Release|Any CPU.ActiveCfg = Release|Any CPU
		{A0DF5FEB-5EF0-4826-9AE0-68D042FDB445}.Release|Any CPU.Build.0 = Release|Any CPU
	EndGlobalSection
	GlobalSection(SolutionProperties) = preSolution
		HideSolutionNode = FALSE
	EndGlobalSection
	GlobalSection(ExtensibilityGlobals) = postSolution
		SolutionGuid = {047987F7-5CB3-4952-A4CF-AEB34C085964}
	EndGlobalSection
EndGlobal
