
Microsoft Visual Studio Solution File, Format Version 12.00
# Visual Studio 15
VisualStudioVersion = 15.0.28010.2026
MinimumVisualStudioVersion = 10.0.40219.1
Project("{FAE04EC0-301F-11D3-BF4B-00C04F79EFBC}") = "20 - Angular Container and Nested Container", "20 - Angular Container and Nested Container\20 - Angular Container and Nested Container.csproj", "{610EF5DA-F5E5-42F9-A687-E0A59E19EA97}"
EndProject
Global
	GlobalSection(SolutionConfigurationPlatforms) = preSolution
		Debug|Any CPU = Debug|Any CPU
		Release|Any CPU = Release|Any CPU
	EndGlobalSection
	GlobalSection(ProjectConfigurationPlatforms) = postSolution
		{610EF5DA-F5E5-42F9-A687-E0A59E19EA97}.Debug|Any CPU.ActiveCfg = Debug|Any CPU
		{610EF5DA-F5E5-42F9-A687-E0A59E19EA97}.Debug|Any CPU.Build.0 = Debug|Any CPU
		{610EF5DA-F5E5-42F9-A687-E0A59E19EA97}.Release|Any CPU.ActiveCfg = Release|Any CPU
		{610EF5DA-F5E5-42F9-A687-E0A59E19EA97}.Release|Any CPU.Build.0 = Release|Any CPU
	EndGlobalSection
	GlobalSection(SolutionProperties) = preSolution
		HideSolutionNode = FALSE
	EndGlobalSection
	GlobalSection(ExtensibilityGlobals) = postSolution
		SolutionGuid = {1438CF60-3F33-4D7A-817E-A7E84AD5E403}
	EndGlobalSection
EndGlobal
