
Microsoft Visual Studio Solution File, Format Version 12.00
# Visual Studio 15
VisualStudioVersion = 15.0.28010.2003
MinimumVisualStudioVersion = 10.0.40219.1
Project("{FAE04EC0-301F-11D3-BF4B-00C04F79EFBC}") = "10 - Html Attribute And DOM Property", "10 - Html Attribute And DOM Property\10 - Html Attribute And DOM Property.csproj", "{B76980E0-4F95-48DC-A5BD-8A8AC91801A1}"
EndProject
Global
	GlobalSection(SolutionConfigurationPlatforms) = preSolution
		Debug|Any CPU = Debug|Any CPU
		Release|Any CPU = Release|Any CPU
	EndGlobalSection
	GlobalSection(ProjectConfigurationPlatforms) = postSolution
		{B76980E0-4F95-48DC-A5BD-8A8AC91801A1}.Debug|Any CPU.ActiveCfg = Debug|Any CPU
		{B76980E0-4F95-48DC-A5BD-8A8AC91801A1}.Debug|Any CPU.Build.0 = Debug|Any CPU
		{B76980E0-4F95-48DC-A5BD-8A8AC91801A1}.Release|Any CPU.ActiveCfg = Release|Any CPU
		{B76980E0-4F95-48DC-A5BD-8A8AC91801A1}.Release|Any CPU.Build.0 = Release|Any CPU
	EndGlobalSection
	GlobalSection(SolutionProperties) = preSolution
		HideSolutionNode = FALSE
	EndGlobalSection
	GlobalSection(ExtensibilityGlobals) = postSolution
		SolutionGuid = {55244D16-469C-43B8-B68B-FF165F166136}
	EndGlobalSection
EndGlobal
